
Microsoft Visual Studio Solution File, Format Version 12.00
# Visual Studio Version 17
VisualStudioVersion = 17.2.32630.192
MinimumVisualStudioVersion = 10.0.40219.1
Project("{FAE04EC0-301F-11D3-BF4B-00C04F79EFBC}") = "ExercícioFigura", "ExercícioFigura\ExercícioFigura.csproj", "{4E8D5700-B8B1-4038-872E-F0C6587902DD}"
EndProject
Global
	GlobalSection(SolutionConfigurationPlatforms) = preSolution
		Debug|Any CPU = Debug|Any CPU
		Release|Any CPU = Release|Any CPU
	EndGlobalSection
	GlobalSection(ProjectConfigurationPlatforms) = postSolution
		{4E8D5700-B8B1-4038-872E-F0C6587902DD}.Debug|Any CPU.ActiveCfg = Debug|Any CPU
		{4E8D5700-B8B1-4038-872E-F0C6587902DD}.Debug|Any CPU.Build.0 = Debug|Any CPU
		{4E8D5700-B8B1-4038-872E-F0C6587902DD}.Release|Any CPU.ActiveCfg = Release|Any CPU
		{4E8D5700-B8B1-4038-872E-F0C6587902DD}.Release|Any CPU.Build.0 = Release|Any CPU
	EndGlobalSection
	GlobalSection(SolutionProperties) = preSolution
		HideSolutionNode = FALSE
	EndGlobalSection
	GlobalSection(ExtensibilityGlobals) = postSolution
		SolutionGuid = {57541198-6B05-49A5-94F0-3E9B314B14C1}
	EndGlobalSection
EndGlobal
